<?xml version="1.0" encoding="utf-8"?>
<Project ToolsVersion="4.0" xmlns="http://schemas.microsoft.com/developer/msbuild/2003">
  <ItemGroup>
    <Filter Include="Shaders">
      <UniqueIdentifier>{7209dec4-ac52-47da-944c-036ea3fbe0f2}</UniqueIdentifier>
    </Filter>
    <Filter Include="Textures">
      <UniqueIdentifier>{0f1df21d-4442-4a06-ac6c-8ea6d037654b}</UniqueIdentifier>
    </Filter>
    <Filter Include="Rendering Pipeline">
      <UniqueIdentifier>{73e1a89e-1f09-43f2-8802-a50e72b80912}</UniqueIdentifier>
    </Filter>
    <Filter Include="Rendering Pipeline\Source Files">
      <UniqueIdentifier>{03a0382f-8ecd-4479-8882-fd9fc20f0543}</UniqueIdentifier>
    </Filter>
    <Filter Include="Abstract Objects">
      <UniqueIdentifier>{23925c35-581b-418e-a152-b5b1af783aeb}</UniqueIdentifier>
    </Filter>
    <Filter Include="Abstract Objects\Source Files">
      <UniqueIdentifier>{b57400b1-8cfa-4282-a288-ef1c39372937}</UniqueIdentifier>
    </Filter>
    <Filter Include="Engine">
      <UniqueIdentifier>{cff6311e-9e49-4eb2-af83-6f0260538b78}</UniqueIdentifier>
    </Filter>
    <Filter Include="Engine\Source Files">
      <UniqueIdentifier>{d42ca6f6-20e4-4cf2-9a97-691a3227725a}</UniqueIdentifier>
    </Filter>
    <Filter Include="Utility">
      <UniqueIdentifier>{ed94cc09-d222-49bd-9fee-bedf2d1df819}</UniqueIdentifier>
    </Filter>
  </ItemGroup>
  <ItemGroup>
    <ClCompile Include="shader.cpp">
      <Filter>Rendering Pipeline\Source Files</Filter>
    </ClCompile>
    <ClCompile Include="texture.cpp">
      <Filter>Rendering Pipeline\Source Files</Filter>
    </ClCompile>
    <ClCompile Include="indexbuffer.cpp">
      <Filter>Rendering Pipeline\Source Files</Filter>
    </ClCompile>
    <ClCompile Include="vertexarray.cpp">
      <Filter>Rendering Pipeline\Source Files</Filter>
    </ClCompile>
    <ClCompile Include="vertexbuffer.cpp">
      <Filter>Rendering Pipeline\Source Files</Filter>
    </ClCompile>
    <ClCompile Include="camera.cpp">
      <Filter>Abstract Objects\Source Files</Filter>
    </ClCompile>
    <ClCompile Include="window.cpp">
      <Filter>Abstract Objects\Source Files</Filter>
    </ClCompile>
    <ClCompile Include="quixel.cpp">
      <Filter>Engine\Source Files</Filter>
    </ClCompile>
    <ClCompile Include="main.cpp" />
    <ClCompile Include="shadermanager.cpp">
      <Filter>Abstract Objects\Source Files</Filter>
    </ClCompile>
  </ItemGroup>
  <ItemGroup>
    <ClInclude Include="vertexbuffer.h">
      <Filter>Rendering Pipeline</Filter>
    </ClInclude>
    <ClInclude Include="vertexarray.h">
      <Filter>Rendering Pipeline</Filter>
    </ClInclude>
    <ClInclude Include="vertexbufferlayout.h">
      <Filter>Rendering Pipeline</Filter>
    </ClInclude>
    <ClInclude Include="texture.h">
      <Filter>Rendering Pipeline</Filter>
    </ClInclude>
    <ClInclude Include="shader.h">
      <Filter>Rendering Pipeline</Filter>
    </ClInclude>
    <ClInclude Include="indexbuffer.h">
      <Filter>Rendering Pipeline</Filter>
    </ClInclude>
    <ClInclude Include="window.h">
      <Filter>Abstract Objects</Filter>
    </ClInclude>
    <ClInclude Include="camera.h">
      <Filter>Abstract Objects</Filter>
    </ClInclude>
    <ClInclude Include="inputstate.h">
      <Filter>Abstract Objects</Filter>
    </ClInclude>
    <ClInclude Include="globals.h">
      <Filter>Abstract Objects</Filter>
    </ClInclude>
    <ClInclude Include="quixel.h">
      <Filter>Engine</Filter>
    </ClInclude>
    <ClInclude Include="callbacks.h">
      <Filter>Abstract Objects</Filter>
    </ClInclude>
    <ClInclude Include="debugging.h">
      <Filter>Utility</Filter>
    </ClInclude>
    <ClInclude Include="color.h">
      <Filter>Abstract Objects</Filter>
    </ClInclude>
    <ClInclude Include="shadermanager.h">
      <Filter>Abstract Objects</Filter>
    </ClInclude>
  </ItemGroup>
  <ItemGroup>
    <None Include="tex.shader">
      <Filter>Shaders</Filter>
    </None>
    <None Include="InstancedAABBs.shader">
      <Filter>Shaders</Filter>
    </None>
  </ItemGroup>
  <ItemGroup>
    <Image Include="GojoTexture256x256.png">
      <Filter>Textures</Filter>
    </Image>
    <Image Include="jojo.png">
      <Filter>Textures</Filter>
    </Image>
  </ItemGroup>
</Project>